
Microsoft Visual Studio Solution File, Format Version 12.00
# Visual Studio Version 16
VisualStudioVersion = 16.0.29709.97
MinimumVisualStudioVersion = 10.0.40219.1
Project("{9A19103F-16F7-4668-BE54-9A1E7A4F7556}") = "SPPSApi", "SPPSApi\SPPSApi.csproj", "{67D531F0-8A37-431A-962D-52B2028CC4F8}"
EndProject
Project("{9A19103F-16F7-4668-BE54-9A1E7A4F7556}") = "Common", "Common\Common.csproj", "{22ECA614-50EA-40DB-9669-DAAA700516BC}"
EndProject
Project("{9A19103F-16F7-4668-BE54-9A1E7A4F7556}") = "DataAccess", "DataAccess\DataAccess.csproj", "{582EBB61-C3D9-4D8C-8954-E39BBD02ACE2}"
EndProject
Project("{9A19103F-16F7-4668-BE54-9A1E7A4F7556}") = "DataEntity", "DataEntity\DataEntity.csproj", "{C2540AEE-9F8E-4343-BA07-509D870FEC20}"
EndProject
Project("{9A19103F-16F7-4668-BE54-9A1E7A4F7556}") = "Logic", "Logic\Logic.csproj", "{ABE5CB5E-4683-48C0-864B-C8BDF5AE09B6}"
EndProject
Project("{9A19103F-16F7-4668-BE54-9A1E7A4F7556}") = "BatchProcess", "BatchProcess\BatchProcess.csproj", "{45E9BCDB-C9FC-4878-AAD8-A893323CD31D}"
EndProject
Project("{2150E333-8FDC-42A3-9474-1A3956D46DE8}") = "BatchEXE", "BatchEXE", "{55187618-FAC7-4BE1-BA5F-401A2538302F}"
EndProject
Project("{2150E333-8FDC-42A3-9474-1A3956D46DE8}") = "TFTM", "TFTM", "{2155ABAB-E049-410B-91F2-17BA1A4865B9}"
EndProject
Project("{2150E333-8FDC-42A3-9474-1A3956D46DE8}") = "SFTMCF", "SFTMCF", "{E43FED60-BAC9-4C0E-B541-DEFA3BC18E5F}"
EndProject
Project("{2150E333-8FDC-42A3-9474-1A3956D46DE8}") = "SFTM", "SFTM", "{4C6E3128-C002-467B-BF0D-4DC6922E162C}"
EndProject
Project("{2150E333-8FDC-42A3-9474-1A3956D46DE8}") = "FTCE", "FTCE", "{54BF39D9-17FA-4764-A061-DB3EF294394E}"
EndProject
Project("{2150E333-8FDC-42A3-9474-1A3956D46DE8}") = "TFTE", "TFTE", "{BED170CD-D5AD-41A3-8863-71639FF652F1}"
EndProject
Project("{9A19103F-16F7-4668-BE54-9A1E7A4F7556}") = "FP0002_EXE", "FP0002_EXE\FP0002_EXE.csproj", "{43FDE755-3582-49E0-AE5A-CC56C9A68DE0}"
EndProject
Project("{9A19103F-16F7-4668-BE54-9A1E7A4F7556}") = "FP0009_EXE", "TFTM\FP0009_EXE\FP0009_EXE.csproj", "{76E41072-A8E6-448B-82D4-055E3FB460DD}"
EndProject
Project("{9A19103F-16F7-4668-BE54-9A1E7A4F7556}") = "FP0017_EXE", "TFTM\FP0017_EXE\FP0017_EXE.csproj", "{E91CA770-D210-4D14-9D57-8C691FA6702D}"
EndProject
Project("{9A19103F-16F7-4668-BE54-9A1E7A4F7556}") = "SoqCompute", "SoqCompute\SoqCompute.csproj", "{16403E86-81EE-4ED9-994A-C5B1C2B3B531}"
EndProject
Project("{9A19103F-16F7-4668-BE54-9A1E7A4F7556}") = "FP0020_EXE", "TFTM\FP0020_EXE\FP0020_EXE.csproj", "{529CEF77-3969-41E1-8146-0DA6C1561001}"
EndProject
Project("{9A19103F-16F7-4668-BE54-9A1E7A4F7556}") = "FP00019_EXE", "TFTM\FP00019_EXE\FP00019_EXE.csproj", "{11EA525D-8BB7-4B72-9DDF-D1BE71E90010}"
EndProject
Project("{9A19103F-16F7-4668-BE54-9A1E7A4F7556}") = "FP0302_EXE", "FP0302_EXE\FP0302_EXE.csproj", "{BD0E6C02-B381-4D84-B707-19789702439B}"
EndProject
Project("{9A19103F-16F7-4668-BE54-9A1E7A4F7556}") = "FP0011_EXE", "TFTM\FP0011_EXE\FP0011_EXE.csproj", "{2839C35C-2EEC-477C-80EC-247967A254C8}"
EndProject
Project("{9A19103F-16F7-4668-BE54-9A1E7A4F7556}") = "FP0021_EXE", "TFTM\FP0021_EXE\FP0021_EXE.csproj", "{6BB0E5DA-0131-402F-BBE5-84AE90D06F79}"
EndProject
Global
	GlobalSection(SolutionConfigurationPlatforms) = preSolution
		Debug|Any CPU = Debug|Any CPU
		Release|Any CPU = Release|Any CPU
	EndGlobalSection
	GlobalSection(ProjectConfigurationPlatforms) = postSolution
		{67D531F0-8A37-431A-962D-52B2028CC4F8}.Debug|Any CPU.ActiveCfg = Debug|Any CPU
		{67D531F0-8A37-431A-962D-52B2028CC4F8}.Debug|Any CPU.Build.0 = Debug|Any CPU
		{67D531F0-8A37-431A-962D-52B2028CC4F8}.Release|Any CPU.ActiveCfg = Release|Any CPU
		{67D531F0-8A37-431A-962D-52B2028CC4F8}.Release|Any CPU.Build.0 = Release|Any CPU
		{22ECA614-50EA-40DB-9669-DAAA700516BC}.Debug|Any CPU.ActiveCfg = Debug|Any CPU
		{22ECA614-50EA-40DB-9669-DAAA700516BC}.Debug|Any CPU.Build.0 = Debug|Any CPU
		{22ECA614-50EA-40DB-9669-DAAA700516BC}.Release|Any CPU.ActiveCfg = Release|Any CPU
		{22ECA614-50EA-40DB-9669-DAAA700516BC}.Release|Any CPU.Build.0 = Release|Any CPU
		{582EBB61-C3D9-4D8C-8954-E39BBD02ACE2}.Debug|Any CPU.ActiveCfg = Debug|Any CPU
		{582EBB61-C3D9-4D8C-8954-E39BBD02ACE2}.Debug|Any CPU.Build.0 = Debug|Any CPU
		{582EBB61-C3D9-4D8C-8954-E39BBD02ACE2}.Release|Any CPU.ActiveCfg = Release|Any CPU
		{582EBB61-C3D9-4D8C-8954-E39BBD02ACE2}.Release|Any CPU.Build.0 = Release|Any CPU
		{C2540AEE-9F8E-4343-BA07-509D870FEC20}.Debug|Any CPU.ActiveCfg = Debug|Any CPU
		{C2540AEE-9F8E-4343-BA07-509D870FEC20}.Debug|Any CPU.Build.0 = Debug|Any CPU
		{C2540AEE-9F8E-4343-BA07-509D870FEC20}.Release|Any CPU.ActiveCfg = Release|Any CPU
		{C2540AEE-9F8E-4343-BA07-509D870FEC20}.Release|Any CPU.Build.0 = Release|Any CPU
		{ABE5CB5E-4683-48C0-864B-C8BDF5AE09B6}.Debug|Any CPU.ActiveCfg = Debug|Any CPU
		{ABE5CB5E-4683-48C0-864B-C8BDF5AE09B6}.Debug|Any CPU.Build.0 = Debug|Any CPU
		{ABE5CB5E-4683-48C0-864B-C8BDF5AE09B6}.Release|Any CPU.ActiveCfg = Release|Any CPU
		{ABE5CB5E-4683-48C0-864B-C8BDF5AE09B6}.Release|Any CPU.Build.0 = Release|Any CPU
		{45E9BCDB-C9FC-4878-AAD8-A893323CD31D}.Debug|Any CPU.ActiveCfg = Debug|Any CPU
		{45E9BCDB-C9FC-4878-AAD8-A893323CD31D}.Debug|Any CPU.Build.0 = Debug|Any CPU
		{45E9BCDB-C9FC-4878-AAD8-A893323CD31D}.Release|Any CPU.ActiveCfg = Release|Any CPU
		{45E9BCDB-C9FC-4878-AAD8-A893323CD31D}.Release|Any CPU.Build.0 = Release|Any CPU
		{43FDE755-3582-49E0-AE5A-CC56C9A68DE0}.Debug|Any CPU.ActiveCfg = Debug|Any CPU
		{43FDE755-3582-49E0-AE5A-CC56C9A68DE0}.Debug|Any CPU.Build.0 = Debug|Any CPU
		{43FDE755-3582-49E0-AE5A-CC56C9A68DE0}.Release|Any CPU.ActiveCfg = Release|Any CPU
		{43FDE755-3582-49E0-AE5A-CC56C9A68DE0}.Release|Any CPU.Build.0 = Release|Any CPU
		{76E41072-A8E6-448B-82D4-055E3FB460DD}.Debug|Any CPU.ActiveCfg = Debug|Any CPU
		{76E41072-A8E6-448B-82D4-055E3FB460DD}.Debug|Any CPU.Build.0 = Debug|Any CPU
		{76E41072-A8E6-448B-82D4-055E3FB460DD}.Release|Any CPU.ActiveCfg = Release|Any CPU
		{76E41072-A8E6-448B-82D4-055E3FB460DD}.Release|Any CPU.Build.0 = Release|Any CPU
		{E91CA770-D210-4D14-9D57-8C691FA6702D}.Debug|Any CPU.ActiveCfg = Debug|Any CPU
		{E91CA770-D210-4D14-9D57-8C691FA6702D}.Debug|Any CPU.Build.0 = Debug|Any CPU
		{E91CA770-D210-4D14-9D57-8C691FA6702D}.Release|Any CPU.ActiveCfg = Release|Any CPU
		{E91CA770-D210-4D14-9D57-8C691FA6702D}.Release|Any CPU.Build.0 = Release|Any CPU
		{16403E86-81EE-4ED9-994A-C5B1C2B3B531}.Debug|Any CPU.ActiveCfg = Debug|Any CPU
		{16403E86-81EE-4ED9-994A-C5B1C2B3B531}.Debug|Any CPU.Build.0 = Debug|Any CPU
		{16403E86-81EE-4ED9-994A-C5B1C2B3B531}.Release|Any CPU.ActiveCfg = Release|Any CPU
		{16403E86-81EE-4ED9-994A-C5B1C2B3B531}.Release|Any CPU.Build.0 = Release|Any CPU
		{529CEF77-3969-41E1-8146-0DA6C1561001}.Debug|Any CPU.ActiveCfg = Debug|Any CPU
		{529CEF77-3969-41E1-8146-0DA6C1561001}.Debug|Any CPU.Build.0 = Debug|Any CPU
		{529CEF77-3969-41E1-8146-0DA6C1561001}.Release|Any CPU.ActiveCfg = Release|Any CPU
		{529CEF77-3969-41E1-8146-0DA6C1561001}.Release|Any CPU.Build.0 = Release|Any CPU
		{11EA525D-8BB7-4B72-9DDF-D1BE71E90010}.Debug|Any CPU.ActiveCfg = Debug|Any CPU
		{11EA525D-8BB7-4B72-9DDF-D1BE71E90010}.Debug|Any CPU.Build.0 = Debug|Any CPU
		{11EA525D-8BB7-4B72-9DDF-D1BE71E90010}.Release|Any CPU.ActiveCfg = Release|Any CPU
		{11EA525D-8BB7-4B72-9DDF-D1BE71E90010}.Release|Any CPU.Build.0 = Release|Any CPU
		{BD0E6C02-B381-4D84-B707-19789702439B}.Debug|Any CPU.ActiveCfg = Debug|Any CPU
		{BD0E6C02-B381-4D84-B707-19789702439B}.Debug|Any CPU.Build.0 = Debug|Any CPU
		{BD0E6C02-B381-4D84-B707-19789702439B}.Release|Any CPU.ActiveCfg = Release|Any CPU
		{BD0E6C02-B381-4D84-B707-19789702439B}.Release|Any CPU.Build.0 = Release|Any CPU
		{2839C35C-2EEC-477C-80EC-247967A254C8}.Debug|Any CPU.ActiveCfg = Debug|Any CPU
		{2839C35C-2EEC-477C-80EC-247967A254C8}.Debug|Any CPU.Build.0 = Debug|Any CPU
		{2839C35C-2EEC-477C-80EC-247967A254C8}.Release|Any CPU.ActiveCfg = Release|Any CPU
		{2839C35C-2EEC-477C-80EC-247967A254C8}.Release|Any CPU.Build.0 = Release|Any CPU
		{6BB0E5DA-0131-402F-BBE5-84AE90D06F79}.Debug|Any CPU.ActiveCfg = Debug|Any CPU
		{6BB0E5DA-0131-402F-BBE5-84AE90D06F79}.Debug|Any CPU.Build.0 = Debug|Any CPU
		{6BB0E5DA-0131-402F-BBE5-84AE90D06F79}.Release|Any CPU.ActiveCfg = Release|Any CPU
		{6BB0E5DA-0131-402F-BBE5-84AE90D06F79}.Release|Any CPU.Build.0 = Release|Any CPU
	EndGlobalSection
	GlobalSection(SolutionProperties) = preSolution
		HideSolutionNode = FALSE
	EndGlobalSection
	GlobalSection(NestedProjects) = preSolution
		{2155ABAB-E049-410B-91F2-17BA1A4865B9} = {55187618-FAC7-4BE1-BA5F-401A2538302F}
		{E43FED60-BAC9-4C0E-B541-DEFA3BC18E5F} = {55187618-FAC7-4BE1-BA5F-401A2538302F}
		{4C6E3128-C002-467B-BF0D-4DC6922E162C} = {55187618-FAC7-4BE1-BA5F-401A2538302F}
		{54BF39D9-17FA-4764-A061-DB3EF294394E} = {55187618-FAC7-4BE1-BA5F-401A2538302F}
		{BED170CD-D5AD-41A3-8863-71639FF652F1} = {55187618-FAC7-4BE1-BA5F-401A2538302F}
		{43FDE755-3582-49E0-AE5A-CC56C9A68DE0} = {2155ABAB-E049-410B-91F2-17BA1A4865B9}
		{76E41072-A8E6-448B-82D4-055E3FB460DD} = {2155ABAB-E049-410B-91F2-17BA1A4865B9}
		{E91CA770-D210-4D14-9D57-8C691FA6702D} = {2155ABAB-E049-410B-91F2-17BA1A4865B9}
		{529CEF77-3969-41E1-8146-0DA6C1561001} = {2155ABAB-E049-410B-91F2-17BA1A4865B9}
		{11EA525D-8BB7-4B72-9DDF-D1BE71E90010} = {2155ABAB-E049-410B-91F2-17BA1A4865B9}
		{BD0E6C02-B381-4D84-B707-19789702439B} = {2155ABAB-E049-410B-91F2-17BA1A4865B9}
		{2839C35C-2EEC-477C-80EC-247967A254C8} = {2155ABAB-E049-410B-91F2-17BA1A4865B9}
		{6BB0E5DA-0131-402F-BBE5-84AE90D06F79} = {2155ABAB-E049-410B-91F2-17BA1A4865B9}
	EndGlobalSection
	GlobalSection(ExtensibilityGlobals) = postSolution
		SolutionGuid = {2B5354EC-3320-4B43-A48D-A0161362036B}
	EndGlobalSection
EndGlobal
