
Microsoft Visual Studio Solution File, Format Version 12.00
# Visual Studio Version 16
VisualStudioVersion = 16.0.29709.97
MinimumVisualStudioVersion = 10.0.40219.1
Project("{FAE04EC0-301F-11D3-BF4B-00C04F79EFBC}") = "SPPSApi", "SPPSApi\SPPSApi.csproj", "{67D531F0-8A37-431A-962D-52B2028CC4F8}"
EndProject
Project("{9A19103F-16F7-4668-BE54-9A1E7A4F7556}") = "Common", "Common\Common.csproj", "{22ECA614-50EA-40DB-9669-DAAA700516BC}"
EndProject
Project("{9A19103F-16F7-4668-BE54-9A1E7A4F7556}") = "DataAccess", "DataAccess\DataAccess.csproj", "{582EBB61-C3D9-4D8C-8954-E39BBD02ACE2}"
EndProject
Project("{9A19103F-16F7-4668-BE54-9A1E7A4F7556}") = "DataEntity", "DataEntity\DataEntity.csproj", "{C2540AEE-9F8E-4343-BA07-509D870FEC20}"
EndProject
Project("{9A19103F-16F7-4668-BE54-9A1E7A4F7556}") = "Logic", "Logic\Logic.csproj", "{ABE5CB5E-4683-48C0-864B-C8BDF5AE09B6}"
EndProject
Global
	GlobalSection(SolutionConfigurationPlatforms) = preSolution
		Debug|Any CPU = Debug|Any CPU
		Release|Any CPU = Release|Any CPU
	EndGlobalSection
	GlobalSection(ProjectConfigurationPlatforms) = postSolution
		{67D531F0-8A37-431A-962D-52B2028CC4F8}.Debug|Any CPU.ActiveCfg = Debug|Any CPU
		{67D531F0-8A37-431A-962D-52B2028CC4F8}.Debug|Any CPU.Build.0 = Debug|Any CPU
		{67D531F0-8A37-431A-962D-52B2028CC4F8}.Release|Any CPU.ActiveCfg = Release|Any CPU
		{67D531F0-8A37-431A-962D-52B2028CC4F8}.Release|Any CPU.Build.0 = Release|Any CPU
		{22ECA614-50EA-40DB-9669-DAAA700516BC}.Debug|Any CPU.ActiveCfg = Debug|Any CPU
		{22ECA614-50EA-40DB-9669-DAAA700516BC}.Debug|Any CPU.Build.0 = Debug|Any CPU
		{22ECA614-50EA-40DB-9669-DAAA700516BC}.Release|Any CPU.ActiveCfg = Release|Any CPU
		{22ECA614-50EA-40DB-9669-DAAA700516BC}.Release|Any CPU.Build.0 = Release|Any CPU
		{582EBB61-C3D9-4D8C-8954-E39BBD02ACE2}.Debug|Any CPU.ActiveCfg = Debug|Any CPU
		{582EBB61-C3D9-4D8C-8954-E39BBD02ACE2}.Debug|Any CPU.Build.0 = Debug|Any CPU
		{582EBB61-C3D9-4D8C-8954-E39BBD02ACE2}.Release|Any CPU.ActiveCfg = Release|Any CPU
		{582EBB61-C3D9-4D8C-8954-E39BBD02ACE2}.Release|Any CPU.Build.0 = Release|Any CPU
		{C2540AEE-9F8E-4343-BA07-509D870FEC20}.Debug|Any CPU.ActiveCfg = Debug|Any CPU
		{C2540AEE-9F8E-4343-BA07-509D870FEC20}.Debug|Any CPU.Build.0 = Debug|Any CPU
		{C2540AEE-9F8E-4343-BA07-509D870FEC20}.Release|Any CPU.ActiveCfg = Release|Any CPU
		{C2540AEE-9F8E-4343-BA07-509D870FEC20}.Release|Any CPU.Build.0 = Release|Any CPU
		{ABE5CB5E-4683-48C0-864B-C8BDF5AE09B6}.Debug|Any CPU.ActiveCfg = Debug|Any CPU
		{ABE5CB5E-4683-48C0-864B-C8BDF5AE09B6}.Debug|Any CPU.Build.0 = Debug|Any CPU
		{ABE5CB5E-4683-48C0-864B-C8BDF5AE09B6}.Release|Any CPU.ActiveCfg = Release|Any CPU
		{ABE5CB5E-4683-48C0-864B-C8BDF5AE09B6}.Release|Any CPU.Build.0 = Release|Any CPU
	EndGlobalSection
	GlobalSection(SolutionProperties) = preSolution
		HideSolutionNode = FALSE
	EndGlobalSection
	GlobalSection(ExtensibilityGlobals) = postSolution
		SolutionGuid = {2B5354EC-3320-4B43-A48D-A0161362036B}
	EndGlobalSection
EndGlobal
